{
  "nodes": {
    "flake-compat": {
      "flake": false,
      "locked": {
        "lastModified": 1733328505,
        "narHash": "sha256-NeCCThCEP3eCl2l/+27kNNK7QrwZB1IJCrXfrbv5oqU=",
        "owner": "edolstra",
        "repo": "flake-compat",
        "rev": "ff81ac966bb2cae68946d5ed5fc4994f96d0ffec",
        "type": "github"
      },
      "original": {
        "owner": "edolstra",
        "repo": "flake-compat",
        "type": "github"
      }
    },
    "nixpkgs": {
      "locked": {
        "lastModified": 1741862977,
        "narHash": "sha256-prZ0M8vE/ghRGGZcflvxCu40ObKaB+ikn74/xQoNrGQ=",
        "owner": "NixOS",
        "repo": "nixpkgs",
        "rev": "cdd2ef009676ac92b715ff26630164bb88fec4e0",
        "type": "github"
      },
      "original": {
        "owner": "NixOS",
        "ref": "nixos-24.11",
        "repo": "nixpkgs",
        "type": "github"
      }
    },
    "old-nixpkgs": {
      "locked": {
        "lastModified": 1688392541,
        "narHash": "sha256-lHrKvEkCPTUO+7tPfjIcb7Trk6k31rz18vkyqmkeJfY=",
        "owner": "NixOS",
        "repo": "nixpkgs",
        "rev": "ea4c80b39be4c09702b0cb3b42eab59e2ba4f24b",
        "type": "github"
      },
      "original": {
        "owner": "NixOS",
        "ref": "nixos-22.11",
        "repo": "nixpkgs",
        "type": "github"
      }
    },
    "root": {
      "inputs": {
        "flake-compat": "flake-compat",
        "nixpkgs": "nixpkgs",
        "old-nixpkgs": "old-nixpkgs"
      }
    }
  },
  "root": "root",
  "version": 7
}
